{
  "name": "api",
  "version": "1.0.0",
  "lockfileVersion": 1,
  "requires": true,
  "dependencies": {
    "git": {
      "version": "0.1.5",
      "resolved": "https://registry.npmjs.org/git/-/git-0.1.5.tgz",
      "integrity": "sha1-nvYt+T+FHCdUIUO/UtHGixAXyhU=",
      "requires": {
        "mime": "1.2.9"
      }
    },
    "gohttp": {
      "version": "1.3.3",
      "resolved": "https://registry.npmjs.org/gohttp/-/gohttp-1.3.3.tgz",
      "integrity": "sha512-08Gdzt5qhkQQecZo/9rbtmnNaWzvOJ7I021umSdB8/nzRVYvUWZpV4XF48iJaRSelmiyvcGrwfAH+AIHq7EOSw=="
    },
    "marked": {
      "version": "0.7.0",
      "resolved": "https://registry.npmjs.org/marked/-/marked-0.7.0.tgz",
      "integrity": "sha512-c+yYdCZJQrsRjTPhUx7VKkApw9bwDkNbHUKo1ovgcfDjb2kc8rLuRbIFyXL5WOEUwzSSKo3IXpph2K6DqB/KZg=="
    },
    "mime": {
      "version": "1.2.9",
      "resolved": "https://registry.npmjs.org/mime/-/mime-1.2.9.tgz",
      "integrity": "sha1-AJzUCGe9Nd5SGzuWbwTi+NTRPQk="
    },
    "titbit": {
      "version": "3.4.4",
      "resolved": "https://registry.npmjs.org/titbit/-/titbit-3.4.4.tgz",
      "integrity": "sha512-3BpDcrrTdW3qIF6pHoWupGtFO0vIttxWYQSUPLQSBZZC28B4IzeUQV2hBTZmRlm/CIGI3jORwzXGtC6Lst62uQ=="
    }
  }
}
